// !$*UTF8*$!
{
	archiveVersion = 1;
	classes = {
	};
	objectVersion = 46;
	objects = {

/* Begin PBXBuildFile section */
		A243227C18FB927700000FD9 /* QuestionAddViewController.m in Sources */ = {isa = PBXBuildFile; fileRef = A243227B18FB927700000FD9 /* QuestionAddViewController.m */; };
		A272C14E18FA9685000EE2E3 /* AVFoundation.framework in Frameworks */ = {isa = PBXBuildFile; fileRef = A272C14D18FA9685000EE2E3 /* AVFoundation.framework */; };
		A272C15018FA9691000EE2E3 /* CoreAudio.framework in Frameworks */ = {isa = PBXBuildFile; fileRef = A272C14F18FA9691000EE2E3 /* CoreAudio.framework */; };
		A27E793F18FCD1D8007695DB /* ListeningChooseViewController.m in Sources */ = {isa = PBXBuildFile; fileRef = A27E793E18FCD1D8007695DB /* ListeningChooseViewController.m */; };
		A27E794218FCE092007695DB /* ListeningViewController.m in Sources */ = {isa = PBXBuildFile; fileRef = A27E794118FCE092007695DB /* ListeningViewController.m */; };
		A29F744718E93A4B00278806 /* Foundation.framework in Frameworks */ = {isa = PBXBuildFile; fileRef = A29F744618E93A4B00278806 /* Foundation.framework */; };
		A29F744918E93A4B00278806 /* CoreGraphics.framework in Frameworks */ = {isa = PBXBuildFile; fileRef = A29F744818E93A4B00278806 /* CoreGraphics.framework */; };
		A29F744B18E93A4C00278806 /* UIKit.framework in Frameworks */ = {isa = PBXBuildFile; fileRef = A29F744A18E93A4C00278806 /* UIKit.framework */; };
		A29F745118E93A4C00278806 /* InfoPlist.strings in Resources */ = {isa = PBXBuildFile; fileRef = A29F744F18E93A4C00278806 /* InfoPlist.strings */; };
		A29F745318E93A4C00278806 /* main.m in Sources */ = {isa = PBXBuildFile; fileRef = A29F745218E93A4C00278806 /* main.m */; };
		A29F745718E93A4C00278806 /* PrepareToeflAppDelegate.m in Sources */ = {isa = PBXBuildFile; fileRef = A29F745618E93A4C00278806 /* PrepareToeflAppDelegate.m */; };
		A29F745A18E93A4C00278806 /* Main.storyboard in Resources */ = {isa = PBXBuildFile; fileRef = A29F745818E93A4C00278806 /* Main.storyboard */; };
		A29F745D18E93A4C00278806 /* PrepareToeflViewController.m in Sources */ = {isa = PBXBuildFile; fileRef = A29F745C18E93A4C00278806 /* PrepareToeflViewController.m */; };
		A29F745F18E93A4C00278806 /* Images.xcassets in Resources */ = {isa = PBXBuildFile; fileRef = A29F745E18E93A4C00278806 /* Images.xcassets */; };
		A29F746618E93A4C00278806 /* XCTest.framework in Frameworks */ = {isa = PBXBuildFile; fileRef = A29F746518E93A4C00278806 /* XCTest.framework */; };
		A29F746718E93A4C00278806 /* Foundation.framework in Frameworks */ = {isa = PBXBuildFile; fileRef = A29F744618E93A4B00278806 /* Foundation.framework */; };
		A29F746818E93A4C00278806 /* UIKit.framework in Frameworks */ = {isa = PBXBuildFile; fileRef = A29F744A18E93A4C00278806 /* UIKit.framework */; };
		A29F747018E93A4C00278806 /* InfoPlist.strings in Resources */ = {isa = PBXBuildFile; fileRef = A29F746E18E93A4C00278806 /* InfoPlist.strings */; };
		A29F747218E93A4C00278806 /* PrepareToeflTests.m in Sources */ = {isa = PBXBuildFile; fileRef = A29F747118E93A4C00278806 /* PrepareToeflTests.m */; };
		A29F748318E950AF00278806 /* CheckSeatViewController.m in Sources */ = {isa = PBXBuildFile; fileRef = A29F748218E950AF00278806 /* CheckSeatViewController.m */; };
		A29F748618E97FD300278806 /* InfoPutInViewController.m in Sources */ = {isa = PBXBuildFile; fileRef = A29F748518E97FD300278806 /* InfoPutInViewController.m */; };
		A29F748918E9AA4100278806 /* UserInfo.m in Sources */ = {isa = PBXBuildFile; fileRef = A29F748818E9AA4100278806 /* UserInfo.m */; };
		A29F748C18EAA19100278806 /* DataModel.m in Sources */ = {isa = PBXBuildFile; fileRef = A29F748B18EAA19100278806 /* DataModel.m */; };
		A2A0A12918EEF861006B4548 /* SimulateLogin.m in Sources */ = {isa = PBXBuildFile; fileRef = A2A0A12818EEF861006B4548 /* SimulateLogin.m */; };
		A2A1312D18F8E1CA00134F20 /* PrepareViewController.m in Sources */ = {isa = PBXBuildFile; fileRef = A2A1312C18F8E1CA00134F20 /* PrepareViewController.m */; };
		A2A27DC118F968C1009230CD /* SpeakingChooseTableViewController.m in Sources */ = {isa = PBXBuildFile; fileRef = A2A27DC018F968C1009230CD /* SpeakingChooseTableViewController.m */; };
		A2A27DC418F968E7009230CD /* SpeakingViewController.m in Sources */ = {isa = PBXBuildFile; fileRef = A2A27DC318F968E7009230CD /* SpeakingViewController.m */; };
		A2A27DC718F96A28009230CD /* Questions.m in Sources */ = {isa = PBXBuildFile; fileRef = A2A27DC618F96A28009230CD /* Questions.m */; };
		A2C7125418EEB7860056887D /* GoCheckViewController.m in Sources */ = {isa = PBXBuildFile; fileRef = A2C7125318EEB7860056887D /* GoCheckViewController.m */; };
/* End PBXBuildFile section */

/* Begin PBXContainerItemProxy section */
		A29F746918E93A4C00278806 /* PBXContainerItemProxy */ = {
			isa = PBXContainerItemProxy;
			containerPortal = A29F743B18E93A4B00278806 /* Project object */;
			proxyType = 1;
			remoteGlobalIDString = A29F744218E93A4B00278806;
			remoteInfo = PrepareToefl;
		};
/* End PBXContainerItemProxy section */

/* Begin PBXFileReference section */
		A243227A18FB927700000FD9 /* QuestionAddViewController.h */ = {isa = PBXFileReference; fileEncoding = 4; lastKnownFileType = sourcecode.c.h; path = QuestionAddViewController.h; sourceTree = "<group>"; };
		A243227B18FB927700000FD9 /* QuestionAddViewController.m */ = {isa = PBXFileReference; fileEncoding = 4; lastKnownFileType = sourcecode.c.objc; path = QuestionAddViewController.m; sourceTree = "<group>"; };
		A272C14D18FA9685000EE2E3 /* AVFoundation.framework */ = {isa = PBXFileReference; lastKnownFileType = wrapper.framework; name = AVFoundation.framework; path = System/Library/Frameworks/AVFoundation.framework; sourceTree = SDKROOT; };
		A272C14F18FA9691000EE2E3 /* CoreAudio.framework */ = {isa = PBXFileReference; lastKnownFileType = wrapper.framework; name = CoreAudio.framework; path = System/Library/Frameworks/CoreAudio.framework; sourceTree = SDKROOT; };
		A27E793D18FCD1D8007695DB /* ListeningChooseViewController.h */ = {isa = PBXFileReference; fileEncoding = 4; lastKnownFileType = sourcecode.c.h; path = ListeningChooseViewController.h; sourceTree = "<group>"; };
		A27E793E18FCD1D8007695DB /* ListeningChooseViewController.m */ = {isa = PBXFileReference; fileEncoding = 4; lastKnownFileType = sourcecode.c.objc; path = ListeningChooseViewController.m; sourceTree = "<group>"; };
		A27E794018FCE092007695DB /* ListeningViewController.h */ = {isa = PBXFileReference; fileEncoding = 4; lastKnownFileType = sourcecode.c.h; path = ListeningViewController.h; sourceTree = "<group>"; };
		A27E794118FCE092007695DB /* ListeningViewController.m */ = {isa = PBXFileReference; fileEncoding = 4; lastKnownFileType = sourcecode.c.objc; path = ListeningViewController.m; sourceTree = "<group>"; };
		A29F744318E93A4B00278806 /* PrepareToefl.app */ = {isa = PBXFileReference; explicitFileType = wrapper.application; includeInIndex = 0; path = PrepareToefl.app; sourceTree = BUILT_PRODUCTS_DIR; };
		A29F744618E93A4B00278806 /* Foundation.framework */ = {isa = PBXFileReference; lastKnownFileType = wrapper.framework; name = Foundation.framework; path = System/Library/Frameworks/Foundation.framework; sourceTree = SDKROOT; };
		A29F744818E93A4B00278806 /* CoreGraphics.framework */ = {isa = PBXFileReference; lastKnownFileType = wrapper.framework; name = CoreGraphics.framework; path = System/Library/Frameworks/CoreGraphics.framework; sourceTree = SDKROOT; };
		A29F744A18E93A4C00278806 /* UIKit.framework */ = {isa = PBXFileReference; lastKnownFileType = wrapper.framework; name = UIKit.framework; path = System/Library/Frameworks/UIKit.framework; sourceTree = SDKROOT; };
		A29F744E18E93A4C00278806 /* PrepareToefl-Info.plist */ = {isa = PBXFileReference; lastKnownFileType = text.plist.xml; path = "PrepareToefl-Info.plist"; sourceTree = "<group>"; };
		A29F745018E93A4C00278806 /* en */ = {isa = PBXFileReference; lastKnownFileType = text.plist.strings; name = en; path = en.lproj/InfoPlist.strings; sourceTree = "<group>"; };
		A29F745218E93A4C00278806 /* main.m */ = {isa = PBXFileReference; lastKnownFileType = sourcecode.c.objc; path = main.m; sourceTree = "<group>"; };
		A29F745418E93A4C00278806 /* PrepareToefl-Prefix.pch */ = {isa = PBXFileReference; lastKnownFileType = sourcecode.c.h; path = "PrepareToefl-Prefix.pch"; sourceTree = "<group>"; };
		A29F745518E93A4C00278806 /* PrepareToeflAppDelegate.h */ = {isa = PBXFileReference; lastKnownFileType = sourcecode.c.h; path = PrepareToeflAppDelegate.h; sourceTree = "<group>"; };
		A29F745618E93A4C00278806 /* PrepareToeflAppDelegate.m */ = {isa = PBXFileReference; lastKnownFileType = sourcecode.c.objc; path = PrepareToeflAppDelegate.m; sourceTree = "<group>"; };
		A29F745918E93A4C00278806 /* Base */ = {isa = PBXFileReference; lastKnownFileType = file.storyboard; name = Base; path = Base.lproj/Main.storyboard; sourceTree = "<group>"; };
		A29F745B18E93A4C00278806 /* PrepareToeflViewController.h */ = {isa = PBXFileReference; lastKnownFileType = sourcecode.c.h; path = PrepareToeflViewController.h; sourceTree = "<group>"; };
		A29F745C18E93A4C00278806 /* PrepareToeflViewController.m */ = {isa = PBXFileReference; lastKnownFileType = sourcecode.c.objc; path = PrepareToeflViewController.m; sourceTree = "<group>"; };
		A29F745E18E93A4C00278806 /* Images.xcassets */ = {isa = PBXFileReference; lastKnownFileType = folder.assetcatalog; path = Images.xcassets; sourceTree = "<group>"; };
		A29F746418E93A4C00278806 /* PrepareToeflTests.xctest */ = {isa = PBXFileReference; explicitFileType = wrapper.cfbundle; includeInIndex = 0; path = PrepareToeflTests.xctest; sourceTree = BUILT_PRODUCTS_DIR; };
		A29F746518E93A4C00278806 /* XCTest.framework */ = {isa = PBXFileReference; lastKnownFileType = wrapper.framework; name = XCTest.framework; path = Library/Frameworks/XCTest.framework; sourceTree = DEVELOPER_DIR; };
		A29F746D18E93A4C00278806 /* PrepareToeflTests-Info.plist */ = {isa = PBXFileReference; lastKnownFileType = text.plist.xml; path = "PrepareToeflTests-Info.plist"; sourceTree = "<group>"; };
		A29F746F18E93A4C00278806 /* en */ = {isa = PBXFileReference; lastKnownFileType = text.plist.strings; name = en; path = en.lproj/InfoPlist.strings; sourceTree = "<group>"; };
		A29F747118E93A4C00278806 /* PrepareToeflTests.m */ = {isa = PBXFileReference; lastKnownFileType = sourcecode.c.objc; path = PrepareToeflTests.m; sourceTree = "<group>"; };
		A29F748118E950AF00278806 /* CheckSeatViewController.h */ = {isa = PBXFileReference; fileEncoding = 4; lastKnownFileType = sourcecode.c.h; path = CheckSeatViewController.h; sourceTree = "<group>"; };
		A29F748218E950AF00278806 /* CheckSeatViewController.m */ = {isa = PBXFileReference; fileEncoding = 4; lastKnownFileType = sourcecode.c.objc; path = CheckSeatViewController.m; sourceTree = "<group>"; };
		A29F748418E97FD300278806 /* InfoPutInViewController.h */ = {isa = PBXFileReference; fileEncoding = 4; lastKnownFileType = sourcecode.c.h; path = InfoPutInViewController.h; sourceTree = "<group>"; };
		A29F748518E97FD300278806 /* InfoPutInViewController.m */ = {isa = PBXFileReference; fileEncoding = 4; lastKnownFileType = sourcecode.c.objc; path = InfoPutInViewController.m; sourceTree = "<group>"; };
		A29F748718E9AA4100278806 /* UserInfo.h */ = {isa = PBXFileReference; fileEncoding = 4; lastKnownFileType = sourcecode.c.h; path = UserInfo.h; sourceTree = "<group>"; };
		A29F748818E9AA4100278806 /* UserInfo.m */ = {isa = PBXFileReference; fileEncoding = 4; lastKnownFileType = sourcecode.c.objc; path = UserInfo.m; sourceTree = "<group>"; };
		A29F748A18EAA19100278806 /* DataModel.h */ = {isa = PBXFileReference; fileEncoding = 4; lastKnownFileType = sourcecode.c.h; path = DataModel.h; sourceTree = "<group>"; };
		A29F748B18EAA19100278806 /* DataModel.m */ = {isa = PBXFileReference; fileEncoding = 4; lastKnownFileType = sourcecode.c.objc; path = DataModel.m; sourceTree = "<group>"; };
		A2A0A12718EEF861006B4548 /* SimulateLogin.h */ = {isa = PBXFileReference; fileEncoding = 4; lastKnownFileType = sourcecode.c.h; path = SimulateLogin.h; sourceTree = "<group>"; };
		A2A0A12818EEF861006B4548 /* SimulateLogin.m */ = {isa = PBXFileReference; fileEncoding = 4; lastKnownFileType = sourcecode.c.objc; path = SimulateLogin.m; sourceTree = "<group>"; };
		A2A1312B18F8E1CA00134F20 /* PrepareViewController.h */ = {isa = PBXFileReference; fileEncoding = 4; lastKnownFileType = sourcecode.c.h; path = PrepareViewController.h; sourceTree = "<group>"; };
		A2A1312C18F8E1CA00134F20 /* PrepareViewController.m */ = {isa = PBXFileReference; fileEncoding = 4; lastKnownFileType = sourcecode.c.objc; path = PrepareViewController.m; sourceTree = "<group>"; };
		A2A27DBF18F968C1009230CD /* SpeakingChooseTableViewController.h */ = {isa = PBXFileReference; fileEncoding = 4; lastKnownFileType = sourcecode.c.h; path = SpeakingChooseTableViewController.h; sourceTree = "<group>"; };
		A2A27DC018F968C1009230CD /* SpeakingChooseTableViewController.m */ = {isa = PBXFileReference; fileEncoding = 4; lastKnownFileType = sourcecode.c.objc; path = SpeakingChooseTableViewController.m; sourceTree = "<group>"; };
		A2A27DC218F968E7009230CD /* SpeakingViewController.h */ = {isa = PBXFileReference; fileEncoding = 4; lastKnownFileType = sourcecode.c.h; path = SpeakingViewController.h; sourceTree = "<group>"; };
		A2A27DC318F968E7009230CD /* SpeakingViewController.m */ = {isa = PBXFileReference; fileEncoding = 4; lastKnownFileType = sourcecode.c.objc; path = SpeakingViewController.m; sourceTree = "<group>"; };
		A2A27DC518F96A28009230CD /* Questions.h */ = {isa = PBXFileReference; fileEncoding = 4; lastKnownFileType = sourcecode.c.h; path = Questions.h; sourceTree = "<group>"; };
		A2A27DC618F96A28009230CD /* Questions.m */ = {isa = PBXFileReference; fileEncoding = 4; lastKnownFileType = sourcecode.c.objc; path = Questions.m; sourceTree = "<group>"; };
		A2C7125218EEB7860056887D /* GoCheckViewController.h */ = {isa = PBXFileReference; fileEncoding = 4; lastKnownFileType = sourcecode.c.h; path = GoCheckViewController.h; sourceTree = "<group>"; };
		A2C7125318EEB7860056887D /* GoCheckViewController.m */ = {isa = PBXFileReference; fileEncoding = 4; lastKnownFileType = sourcecode.c.objc; path = GoCheckViewController.m; sourceTree = "<group>"; };
/* End PBXFileReference section */

/* Begin PBXFrameworksBuildPhase section */
		A29F744018E93A4B00278806 /* Frameworks */ = {
			isa = PBXFrameworksBuildPhase;
			buildActionMask = 2147483647;
			files = (
				A272C15018FA9691000EE2E3 /* CoreAudio.framework in Frameworks */,
				A272C14E18FA9685000EE2E3 /* AVFoundation.framework in Frameworks */,
				A29F744918E93A4B00278806 /* CoreGraphics.framework in Frameworks */,
				A29F744B18E93A4C00278806 /* UIKit.framework in Frameworks */,
				A29F744718E93A4B00278806 /* Foundation.framework in Frameworks */,
			);
			runOnlyForDeploymentPostprocessing = 0;
		};
		A29F746118E93A4C00278806 /* Frameworks */ = {
			isa = PBXFrameworksBuildPhase;
			buildActionMask = 2147483647;
			files = (
				A29F746618E93A4C00278806 /* XCTest.framework in Frameworks */,
				A29F746818E93A4C00278806 /* UIKit.framework in Frameworks */,
				A29F746718E93A4C00278806 /* Foundation.framework in Frameworks */,
			);
			runOnlyForDeploymentPostprocessing = 0;
		};
/* End PBXFrameworksBuildPhase section */

/* Begin PBXGroup section */
		A2446B3C18FE686600FF097E /* CheckSeat */ = {
			isa = PBXGroup;
			children = (
				A29F748118E950AF00278806 /* CheckSeatViewController.h */,
				A29F748218E950AF00278806 /* CheckSeatViewController.m */,
				A29F748418E97FD300278806 /* InfoPutInViewController.h */,
				A29F748518E97FD300278806 /* InfoPutInViewController.m */,
				A2C7125218EEB7860056887D /* GoCheckViewController.h */,
				A2C7125318EEB7860056887D /* GoCheckViewController.m */,
				A2A0A12718EEF861006B4548 /* SimulateLogin.h */,
				A2A0A12818EEF861006B4548 /* SimulateLogin.m */,
			);
			name = CheckSeat;
			sourceTree = "<group>";
		};
		A2446B3D18FE687A00FF097E /* Prepare */ = {
			isa = PBXGroup;
			children = (
				A2A1312B18F8E1CA00134F20 /* PrepareViewController.h */,
				A2A1312C18F8E1CA00134F20 /* PrepareViewController.m */,
				A2A27DBF18F968C1009230CD /* SpeakingChooseTableViewController.h */,
				A2A27DC018F968C1009230CD /* SpeakingChooseTableViewController.m */,
				A243227A18FB927700000FD9 /* QuestionAddViewController.h */,
				A243227B18FB927700000FD9 /* QuestionAddViewController.m */,
				A2A27DC218F968E7009230CD /* SpeakingViewController.h */,
				A2A27DC318F968E7009230CD /* SpeakingViewController.m */,
				A27E793D18FCD1D8007695DB /* ListeningChooseViewController.h */,
				A27E793E18FCD1D8007695DB /* ListeningChooseViewController.m */,
				A27E794018FCE092007695DB /* ListeningViewController.h */,
				A27E794118FCE092007695DB /* ListeningViewController.m */,
			);
			name = Prepare;
			sourceTree = "<group>";
		};
		A2446B3E18FE68A500FF097E /* DataModel */ = {
			isa = PBXGroup;
			children = (
				A29F748A18EAA19100278806 /* DataModel.h */,
				A29F748B18EAA19100278806 /* DataModel.m */,
				A29F748718E9AA4100278806 /* UserInfo.h */,
				A29F748818E9AA4100278806 /* UserInfo.m */,
				A2A27DC518F96A28009230CD /* Questions.h */,
				A2A27DC618F96A28009230CD /* Questions.m */,
			);
			name = DataModel;
			sourceTree = "<group>";
		};
		A29F743A18E93A4B00278806 = {
			isa = PBXGroup;
			children = (
				A29F744C18E93A4C00278806 /* PrepareToefl */,
				A29F746B18E93A4C00278806 /* PrepareToeflTests */,
				A29F744518E93A4B00278806 /* Frameworks */,
				A29F744418E93A4B00278806 /* Products */,
			);
			sourceTree = "<group>";
		};
		A29F744418E93A4B00278806 /* Products */ = {
			isa = PBXGroup;
			children = (
				A29F744318E93A4B00278806 /* PrepareToefl.app */,
				A29F746418E93A4C00278806 /* PrepareToeflTests.xctest */,
			);
			name = Products;
			sourceTree = "<group>";
		};
		A29F744518E93A4B00278806 /* Frameworks */ = {
			isa = PBXGroup;
			children = (
				A272C14F18FA9691000EE2E3 /* CoreAudio.framework */,
				A272C14D18FA9685000EE2E3 /* AVFoundation.framework */,
				A29F744618E93A4B00278806 /* Foundation.framework */,
				A29F744818E93A4B00278806 /* CoreGraphics.framework */,
				A29F744A18E93A4C00278806 /* UIKit.framework */,
				A29F746518E93A4C00278806 /* XCTest.framework */,
			);
			name = Frameworks;
			sourceTree = "<group>";
		};
		A29F744C18E93A4C00278806 /* PrepareToefl */ = {
			isa = PBXGroup;
			children = (
				A29F745518E93A4C00278806 /* PrepareToeflAppDelegate.h */,
				A29F745618E93A4C00278806 /* PrepareToeflAppDelegate.m */,
				A29F745B18E93A4C00278806 /* PrepareToeflViewController.h */,
				A29F745C18E93A4C00278806 /* PrepareToeflViewController.m */,
				A29F745818E93A4C00278806 /* Main.storyboard */,
				A29F745E18E93A4C00278806 /* Images.xcassets */,
				A2446B3E18FE68A500FF097E /* DataModel */,
				A2446B3C18FE686600FF097E /* CheckSeat */,
				A2446B3D18FE687A00FF097E /* Prepare */,
				A29F744D18E93A4C00278806 /* Supporting Files */,
			);
			path = PrepareToefl;
			sourceTree = "<group>";
		};
		A29F744D18E93A4C00278806 /* Supporting Files */ = {
			isa = PBXGroup;
			children = (
				A29F744E18E93A4C00278806 /* PrepareToefl-Info.plist */,
				A29F744F18E93A4C00278806 /* InfoPlist.strings */,
				A29F745218E93A4C00278806 /* main.m */,
				A29F745418E93A4C00278806 /* PrepareToefl-Prefix.pch */,
			);
			name = "Supporting Files";
			sourceTree = "<group>";
		};
		A29F746B18E93A4C00278806 /* PrepareToeflTests */ = {
			isa = PBXGroup;
			children = (
				A29F747118E93A4C00278806 /* PrepareToeflTests.m */,
				A29F746C18E93A4C00278806 /* Supporting Files */,
			);
			path = PrepareToeflTests;
			sourceTree = "<group>";
		};
		A29F746C18E93A4C00278806 /* Supporting Files */ = {
			isa = PBXGroup;
			children = (
				A29F746D18E93A4C00278806 /* PrepareToeflTests-Info.plist */,
				A29F746E18E93A4C00278806 /* InfoPlist.strings */,
			);
			name = "Supporting Files";
			sourceTree = "<group>";
		};
/* End PBXGroup section */

/* Begin PBXNativeTarget section */
		A29F744218E93A4B00278806 /* PrepareToefl */ = {
			isa = PBXNativeTarget;
			buildConfigurationList = A29F747518E93A4C00278806 /* Build configuration list for PBXNativeTarget "PrepareToefl" */;
			buildPhases = (
				A29F743F18E93A4B00278806 /* Sources */,
				A29F744018E93A4B00278806 /* Frameworks */,
				A29F744118E93A4B00278806 /* Resources */,
			);
			buildRules = (
			);
			dependencies = (
			);
			name = PrepareToefl;
			productName = PrepareToefl;
			productReference = A29F744318E93A4B00278806 /* PrepareToefl.app */;
			productType = "com.apple.product-type.application";
		};
		A29F746318E93A4C00278806 /* PrepareToeflTests */ = {
			isa = PBXNativeTarget;
			buildConfigurationList = A29F747818E93A4C00278806 /* Build configuration list for PBXNativeTarget "PrepareToeflTests" */;
			buildPhases = (
				A29F746018E93A4C00278806 /* Sources */,
				A29F746118E93A4C00278806 /* Frameworks */,
				A29F746218E93A4C00278806 /* Resources */,
			);
			buildRules = (
			);
			dependencies = (
				A29F746A18E93A4C00278806 /* PBXTargetDependency */,
			);
			name = PrepareToeflTests;
			productName = PrepareToeflTests;
			productReference = A29F746418E93A4C00278806 /* PrepareToeflTests.xctest */;
			productType = "com.apple.product-type.bundle.unit-test";
		};
/* End PBXNativeTarget section */

/* Begin PBXProject section */
		A29F743B18E93A4B00278806 /* Project object */ = {
			isa = PBXProject;
			attributes = {
				CLASSPREFIX = PrepareToefl;
				LastUpgradeCheck = 0510;
				ORGANIZATIONNAME = Eric;
				TargetAttributes = {
					A29F746318E93A4C00278806 = {
						TestTargetID = A29F744218E93A4B00278806;
					};
				};
			};
			buildConfigurationList = A29F743E18E93A4B00278806 /* Build configuration list for PBXProject "PrepareToefl" */;
			compatibilityVersion = "Xcode 3.2";
			developmentRegion = English;
			hasScannedForEncodings = 0;
			knownRegions = (
				en,
				Base,
			);
			mainGroup = A29F743A18E93A4B00278806;
			productRefGroup = A29F744418E93A4B00278806 /* Products */;
			projectDirPath = "";
			projectRoot = "";
			targets = (
				A29F744218E93A4B00278806 /* PrepareToefl */,
				A29F746318E93A4C00278806 /* PrepareToeflTests */,
			);
		};
/* End PBXProject section */

/* Begin PBXResourcesBuildPhase section */
		A29F744118E93A4B00278806 /* Resources */ = {
			isa = PBXResourcesBuildPhase;
			buildActionMask = 2147483647;
			files = (
				A29F745F18E93A4C00278806 /* Images.xcassets in Resources */,
				A29F745118E93A4C00278806 /* InfoPlist.strings in Resources */,
				A29F745A18E93A4C00278806 /* Main.storyboard in Resources */,
			);
			runOnlyForDeploymentPostprocessing = 0;
		};
		A29F746218E93A4C00278806 /* Resources */ = {
			isa = PBXResourcesBuildPhase;
			buildActionMask = 2147483647;
			files = (
				A29F747018E93A4C00278806 /* InfoPlist.strings in Resources */,
			);
			runOnlyForDeploymentPostprocessing = 0;
		};
/* End PBXResourcesBuildPhase section */

/* Begin PBXSourcesBuildPhase section */
		A29F743F18E93A4B00278806 /* Sources */ = {
			isa = PBXSourcesBuildPhase;
			buildActionMask = 2147483647;
			files = (
				A27E794218FCE092007695DB /* ListeningViewController.m in Sources */,
				A2A27DC718F96A28009230CD /* Questions.m in Sources */,
				A29F745318E93A4C00278806 /* main.m in Sources */,
				A2A27DC118F968C1009230CD /* SpeakingChooseTableViewController.m in Sources */,
				A29F748618E97FD300278806 /* InfoPutInViewController.m in Sources */,
				A29F745718E93A4C00278806 /* PrepareToeflAppDelegate.m in Sources */,
				A29F748318E950AF00278806 /* CheckSeatViewController.m in Sources */,
				A29F748C18EAA19100278806 /* DataModel.m in Sources */,
				A27E793F18FCD1D8007695DB /* ListeningChooseViewController.m in Sources */,
				A2C7125418EEB7860056887D /* GoCheckViewController.m in Sources */,
				A2A1312D18F8E1CA00134F20 /* PrepareViewController.m in Sources */,
				A2A27DC418F968E7009230CD /* SpeakingViewController.m in Sources */,
				A243227C18FB927700000FD9 /* QuestionAddViewController.m in Sources */,
				A2A0A12918EEF861006B4548 /* SimulateLogin.m in Sources */,
				A29F748918E9AA4100278806 /* UserInfo.m in Sources */,
				A29F745D18E93A4C00278806 /* PrepareToeflViewController.m in Sources */,
			);
			runOnlyForDeploymentPostprocessing = 0;
		};
		A29F746018E93A4C00278806 /* Sources */ = {
			isa = PBXSourcesBuildPhase;
			buildActionMask = 2147483647;
			files = (
				A29F747218E93A4C00278806 /* PrepareToeflTests.m in Sources */,
			);
			runOnlyForDeploymentPostprocessing = 0;
		};
/* End PBXSourcesBuildPhase section */

/* Begin PBXTargetDependency section */
		A29F746A18E93A4C00278806 /* PBXTargetDependency */ = {
			isa = PBXTargetDependency;
			target = A29F744218E93A4B00278806 /* PrepareToefl */;
			targetProxy = A29F746918E93A4C00278806 /* PBXContainerItemProxy */;
		};
/* End PBXTargetDependency section */

/* Begin PBXVariantGroup section */
		A29F744F18E93A4C00278806 /* InfoPlist.strings */ = {
			isa = PBXVariantGroup;
			children = (
				A29F745018E93A4C00278806 /* en */,
			);
			name = InfoPlist.strings;
			sourceTree = "<group>";
		};
		A29F745818E93A4C00278806 /* Main.storyboard */ = {
			isa = PBXVariantGroup;
			children = (
				A29F745918E93A4C00278806 /* Base */,
			);
			name = Main.storyboard;
			sourceTree = "<group>";
		};
		A29F746E18E93A4C00278806 /* InfoPlist.strings */ = {
			isa = PBXVariantGroup;
			children = (
				A29F746F18E93A4C00278806 /* en */,
			);
			name = InfoPlist.strings;
			sourceTree = "<group>";
		};
/* End PBXVariantGroup section */

/* Begin XCBuildConfiguration section */
		A29F747318E93A4C00278806 /* Debug */ = {
			isa = XCBuildConfiguration;
			buildSettings = {
				ALWAYS_SEARCH_USER_PATHS = NO;
				CLANG_CXX_LANGUAGE_STANDARD = "gnu++0x";
				CLANG_CXX_LIBRARY = "libc++";
				CLANG_ENABLE_MODULES = YES;
				CLANG_ENABLE_OBJC_ARC = YES;
				CLANG_WARN_BOOL_CONVERSION = YES;
				CLANG_WARN_CONSTANT_CONVERSION = YES;
				CLANG_WARN_DIRECT_OBJC_ISA_USAGE = YES_ERROR;
				CLANG_WARN_EMPTY_BODY = YES;
				CLANG_WARN_ENUM_CONVERSION = YES;
				CLANG_WARN_INT_CONVERSION = YES;
				CLANG_WARN_OBJC_ROOT_CLASS = YES_ERROR;
				CLANG_WARN__DUPLICATE_METHOD_MATCH = YES;
				"CODE_SIGN_IDENTITY[sdk=iphoneos*]" = "iPhone Developer";
				COPY_PHASE_STRIP = NO;
				GCC_C_LANGUAGE_STANDARD = gnu99;
				GCC_DYNAMIC_NO_PIC = NO;
				GCC_OPTIMIZATION_LEVEL = 0;
				GCC_PREPROCESSOR_DEFINITIONS = (
					"DEBUG=1",
					"$(inherited)",
				);
				GCC_SYMBOLS_PRIVATE_EXTERN = NO;
				GCC_WARN_64_TO_32_BIT_CONVERSION = YES;
				GCC_WARN_ABOUT_RETURN_TYPE = YES_ERROR;
				GCC_WARN_UNDECLARED_SELECTOR = YES;
				GCC_WARN_UNINITIALIZED_AUTOS = YES_AGGRESSIVE;
				GCC_WARN_UNUSED_FUNCTION = YES;
				GCC_WARN_UNUSED_VARIABLE = YES;
				IPHONEOS_DEPLOYMENT_TARGET = 6.0;
				ONLY_ACTIVE_ARCH = YES;
				SDKROOT = iphoneos;
			};
			name = Debug;
		};
		A29F747418E93A4C00278806 /* Release */ = {
			isa = XCBuildConfiguration;
			buildSettings = {
				ALWAYS_SEARCH_USER_PATHS = NO;
				CLANG_CXX_LANGUAGE_STANDARD = "gnu++0x";
				CLANG_CXX_LIBRARY = "libc++";
				CLANG_ENABLE_MODULES = YES;
				CLANG_ENABLE_OBJC_ARC = YES;
				CLANG_WARN_BOOL_CONVERSION = YES;
				CLANG_WARN_CONSTANT_CONVERSION = YES;
				CLANG_WARN_DIRECT_OBJC_ISA_USAGE = YES_ERROR;
				CLANG_WARN_EMPTY_BODY = YES;
				CLANG_WARN_ENUM_CONVERSION = YES;
				CLANG_WARN_INT_CONVERSION = YES;
				CLANG_WARN_OBJC_ROOT_CLASS = YES_ERROR;
				CLANG_WARN__DUPLICATE_METHOD_MATCH = YES;
				"CODE_SIGN_IDENTITY[sdk=iphoneos*]" = "iPhone Developer";
				COPY_PHASE_STRIP = YES;
				ENABLE_NS_ASSERTIONS = NO;
				GCC_C_LANGUAGE_STANDARD = gnu99;
				GCC_WARN_64_TO_32_BIT_CONVERSION = YES;
				GCC_WARN_ABOUT_RETURN_TYPE = YES_ERROR;
				GCC_WARN_UNDECLARED_SELECTOR = YES;
				GCC_WARN_UNINITIALIZED_AUTOS = YES_AGGRESSIVE;
				GCC_WARN_UNUSED_FUNCTION = YES;
				GCC_WARN_UNUSED_VARIABLE = YES;
				IPHONEOS_DEPLOYMENT_TARGET = 6.0;
				SDKROOT = iphoneos;
				VALIDATE_PRODUCT = YES;
			};
			name = Release;
		};
		A29F747618E93A4C00278806 /* Debug */ = {
			isa = XCBuildConfiguration;
			buildSettings = {
				ASSETCATALOG_COMPILER_APPICON_NAME = AppIcon;
				ASSETCATALOG_COMPILER_LAUNCHIMAGE_NAME = LaunchImage;
				CLANG_ENABLE_OBJC_ARC = YES;
				GCC_PRECOMPILE_PREFIX_HEADER = YES;
				GCC_PREFIX_HEADER = "PrepareToefl/PrepareToefl-Prefix.pch";
				INFOPLIST_FILE = "PrepareToefl/PrepareToefl-Info.plist";
				IPHONEOS_DEPLOYMENT_TARGET = 7.0;
				PRODUCT_NAME = "$(TARGET_NAME)";
				WRAPPER_EXTENSION = app;
			};
			name = Debug;
		};
		A29F747718E93A4C00278806 /* Release */ = {
			isa = XCBuildConfiguration;
			buildSettings = {
				ASSETCATALOG_COMPILER_APPICON_NAME = AppIcon;
				ASSETCATALOG_COMPILER_LAUNCHIMAGE_NAME = LaunchImage;
				CLANG_ENABLE_OBJC_ARC = YES;
				GCC_PRECOMPILE_PREFIX_HEADER = YES;
				GCC_PREFIX_HEADER = "PrepareToefl/PrepareToefl-Prefix.pch";
				INFOPLIST_FILE = "PrepareToefl/PrepareToefl-Info.plist";
				IPHONEOS_DEPLOYMENT_TARGET = 7.0;
				PRODUCT_NAME = "$(TARGET_NAME)";
				WRAPPER_EXTENSION = app;
			};
			name = Release;
		};
		A29F747918E93A4C00278806 /* Debug */ = {
			isa = XCBuildConfiguration;
			buildSettings = {
				BUNDLE_LOADER = "$(BUILT_PRODUCTS_DIR)/PrepareToefl.app/PrepareToefl";
				FRAMEWORK_SEARCH_PATHS = (
					"$(SDKROOT)/Developer/Library/Frameworks",
					"$(inherited)",
					"$(DEVELOPER_FRAMEWORKS_DIR)",
				);
				GCC_PRECOMPILE_PREFIX_HEADER = YES;
				GCC_PREFIX_HEADER = "PrepareToefl/PrepareToefl-Prefix.pch";
				GCC_PREPROCESSOR_DEFINITIONS = (
					"DEBUG=1",
					"$(inherited)",
				);
				INFOPLIST_FILE = "PrepareToeflTests/PrepareToeflTests-Info.plist";
				PRODUCT_NAME = "$(TARGET_NAME)";
				TEST_HOST = "$(BUNDLE_LOADER)";
				WRAPPER_EXTENSION = xctest;
			};
			name = Debug;
		};
		A29F747A18E93A4C00278806 /* Release */ = {
			isa = XCBuildConfiguration;
			buildSettings = {
				BUNDLE_LOADER = "$(BUILT_PRODUCTS_DIR)/PrepareToefl.app/PrepareToefl";
				FRAMEWORK_SEARCH_PATHS = (
					"$(SDKROOT)/Developer/Library/Frameworks",
					"$(inherited)",
					"$(DEVELOPER_FRAMEWORKS_DIR)",
				);
				GCC_PRECOMPILE_PREFIX_HEADER = YES;
				GCC_PREFIX_HEADER = "PrepareToefl/PrepareToefl-Prefix.pch";
				INFOPLIST_FILE = "PrepareToeflTests/PrepareToeflTests-Info.plist";
				PRODUCT_NAME = "$(TARGET_NAME)";
				TEST_HOST = "$(BUNDLE_LOADER)";
				WRAPPER_EXTENSION = xctest;
			};
			name = Release;
		};
/* End XCBuildConfiguration section */

/* Begin XCConfigurationList section */
		A29F743E18E93A4B00278806 /* Build configuration list for PBXProject "PrepareToefl" */ = {
			isa = XCConfigurationList;
			buildConfigurations = (
				A29F747318E93A4C00278806 /* Debug */,
				A29F747418E93A4C00278806 /* Release */,
			);
			defaultConfigurationIsVisible = 0;
			defaultConfigurationName = Release;
		};
		A29F747518E93A4C00278806 /* Build configuration list for PBXNativeTarget "PrepareToefl" */ = {
			isa = XCConfigurationList;
			buildConfigurations = (
				A29F747618E93A4C00278806 /* Debug */,
				A29F747718E93A4C00278806 /* Release */,
			);
			defaultConfigurationIsVisible = 0;
			defaultConfigurationName = Release;
		};
		A29F747818E93A4C00278806 /* Build configuration list for PBXNativeTarget "PrepareToeflTests" */ = {
			isa = XCConfigurationList;
			buildConfigurations = (
				A29F747918E93A4C00278806 /* Debug */,
				A29F747A18E93A4C00278806 /* Release */,
			);
			defaultConfigurationIsVisible = 0;
			defaultConfigurationName = Release;
		};
/* End XCConfigurationList section */
	};
	rootObject = A29F743B18E93A4B00278806 /* Project object */;
}
